
Microsoft Visual Studio Solution File, Format Version 12.00
# Visual Studio Version 16
VisualStudioVersion = 16.0.30320.27
MinimumVisualStudioVersion = 10.0.40219.1
Project("{FAE04EC0-301F-11D3-BF4B-00C04F79EFBC}") = "Capstone.Android", "Capstone.Android\Capstone.Android.csproj", "{4741233F-1E72-42E6-87D3-8A526025A616}"
EndProject
Project("{FAE04EC0-301F-11D3-BF4B-00C04F79EFBC}") = "Capstone.iOS", "Capstone.iOS\Capstone.iOS.csproj", "{3BEEEB1A-2A2A-4D7A-9BFC-64148CEBE0AE}"
EndProject
Project("{9A19103F-16F7-4668-BE54-9A1E7A4F7556}") = "Capstone", "Capstone\Capstone.csproj", "{29FA2373-0568-4CD4-9CDD-2110DA092DDC}"
EndProject
Project("{9A19103F-16F7-4668-BE54-9A1E7A4F7556}") = "Capstone.API", "Capstone.API\Capstone.API.csproj", "{9F96206F-0DB0-4BE9-B607-C151A27A7934}"
EndProject
Project("{2150E333-8FDC-42A3-9474-1A3956D46DE8}") = "Mobile", "Mobile", "{CD55319A-49B3-4A24-83DE-9A0F25417FF5}"
EndProject
Project("{9A19103F-16F7-4668-BE54-9A1E7A4F7556}") = "Capstone.OAuth", "Capstone.OAuth\Capstone.OAuth.csproj", "{36424BA6-8AE3-45C7-A093-E3D0D6631D2C}"
EndProject
Global
	GlobalSection(SolutionConfigurationPlatforms) = preSolution
		Debug|Any CPU = Debug|Any CPU
		Debug|iPhone = Debug|iPhone
		Debug|iPhoneSimulator = Debug|iPhoneSimulator
		Release|Any CPU = Release|Any CPU
		Release|iPhone = Release|iPhone
		Release|iPhoneSimulator = Release|iPhoneSimulator
	EndGlobalSection
	GlobalSection(ProjectConfigurationPlatforms) = postSolution
		{4741233F-1E72-42E6-87D3-8A526025A616}.Debug|Any CPU.ActiveCfg = Debug|Any CPU
		{4741233F-1E72-42E6-87D3-8A526025A616}.Debug|Any CPU.Build.0 = Debug|Any CPU
		{4741233F-1E72-42E6-87D3-8A526025A616}.Debug|Any CPU.Deploy.0 = Debug|Any CPU
		{4741233F-1E72-42E6-87D3-8A526025A616}.Debug|iPhone.ActiveCfg = Debug|Any CPU
		{4741233F-1E72-42E6-87D3-8A526025A616}.Debug|iPhone.Build.0 = Debug|Any CPU
		{4741233F-1E72-42E6-87D3-8A526025A616}.Debug|iPhone.Deploy.0 = Debug|Any CPU
		{4741233F-1E72-42E6-87D3-8A526025A616}.Debug|iPhoneSimulator.ActiveCfg = Debug|Any CPU
		{4741233F-1E72-42E6-87D3-8A526025A616}.Debug|iPhoneSimulator.Build.0 = Debug|Any CPU
		{4741233F-1E72-42E6-87D3-8A526025A616}.Debug|iPhoneSimulator.Deploy.0 = Debug|Any CPU
		{4741233F-1E72-42E6-87D3-8A526025A616}.Release|Any CPU.ActiveCfg = Release|Any CPU
		{4741233F-1E72-42E6-87D3-8A526025A616}.Release|Any CPU.Build.0 = Release|Any CPU
		{4741233F-1E72-42E6-87D3-8A526025A616}.Release|Any CPU.Deploy.0 = Release|Any CPU
		{4741233F-1E72-42E6-87D3-8A526025A616}.Release|iPhone.ActiveCfg = Release|Any CPU
		{4741233F-1E72-42E6-87D3-8A526025A616}.Release|iPhone.Build.0 = Release|Any CPU
		{4741233F-1E72-42E6-87D3-8A526025A616}.Release|iPhone.Deploy.0 = Release|Any CPU
		{4741233F-1E72-42E6-87D3-8A526025A616}.Release|iPhoneSimulator.ActiveCfg = Release|Any CPU
		{4741233F-1E72-42E6-87D3-8A526025A616}.Release|iPhoneSimulator.Build.0 = Release|Any CPU
		{4741233F-1E72-42E6-87D3-8A526025A616}.Release|iPhoneSimulator.Deploy.0 = Release|Any CPU
		{3BEEEB1A-2A2A-4D7A-9BFC-64148CEBE0AE}.Debug|Any CPU.ActiveCfg = Debug|iPhone
		{3BEEEB1A-2A2A-4D7A-9BFC-64148CEBE0AE}.Debug|Any CPU.Build.0 = Debug|iPhone
		{3BEEEB1A-2A2A-4D7A-9BFC-64148CEBE0AE}.Debug|Any CPU.Deploy.0 = Debug|iPhone
		{3BEEEB1A-2A2A-4D7A-9BFC-64148CEBE0AE}.Debug|iPhone.ActiveCfg = Debug|iPhone
		{3BEEEB1A-2A2A-4D7A-9BFC-64148CEBE0AE}.Debug|iPhone.Build.0 = Debug|iPhone
		{3BEEEB1A-2A2A-4D7A-9BFC-64148CEBE0AE}.Debug|iPhone.Deploy.0 = Debug|iPhone
		{3BEEEB1A-2A2A-4D7A-9BFC-64148CEBE0AE}.Debug|iPhoneSimulator.ActiveCfg = Debug|iPhoneSimulator
		{3BEEEB1A-2A2A-4D7A-9BFC-64148CEBE0AE}.Debug|iPhoneSimulator.Build.0 = Debug|iPhoneSimulator
		{3BEEEB1A-2A2A-4D7A-9BFC-64148CEBE0AE}.Debug|iPhoneSimulator.Deploy.0 = Debug|iPhoneSimulator
		{3BEEEB1A-2A2A-4D7A-9BFC-64148CEBE0AE}.Release|Any CPU.ActiveCfg = Release|iPhone
		{3BEEEB1A-2A2A-4D7A-9BFC-64148CEBE0AE}.Release|Any CPU.Build.0 = Release|iPhone
		{3BEEEB1A-2A2A-4D7A-9BFC-64148CEBE0AE}.Release|Any CPU.Deploy.0 = Release|iPhone
		{3BEEEB1A-2A2A-4D7A-9BFC-64148CEBE0AE}.Release|iPhone.ActiveCfg = Release|iPhone
		{3BEEEB1A-2A2A-4D7A-9BFC-64148CEBE0AE}.Release|iPhone.Build.0 = Release|iPhone
		{3BEEEB1A-2A2A-4D7A-9BFC-64148CEBE0AE}.Release|iPhone.Deploy.0 = Release|iPhone
		{3BEEEB1A-2A2A-4D7A-9BFC-64148CEBE0AE}.Release|iPhoneSimulator.ActiveCfg = Release|iPhoneSimulator
		{3BEEEB1A-2A2A-4D7A-9BFC-64148CEBE0AE}.Release|iPhoneSimulator.Build.0 = Release|iPhoneSimulator
		{3BEEEB1A-2A2A-4D7A-9BFC-64148CEBE0AE}.Release|iPhoneSimulator.Deploy.0 = Release|iPhoneSimulator
		{29FA2373-0568-4CD4-9CDD-2110DA092DDC}.Debug|Any CPU.ActiveCfg = Debug|Any CPU
		{29FA2373-0568-4CD4-9CDD-2110DA092DDC}.Debug|Any CPU.Build.0 = Debug|Any CPU
		{29FA2373-0568-4CD4-9CDD-2110DA092DDC}.Debug|Any CPU.Deploy.0 = Debug|Any CPU
		{29FA2373-0568-4CD4-9CDD-2110DA092DDC}.Debug|iPhone.ActiveCfg = Debug|Any CPU
		{29FA2373-0568-4CD4-9CDD-2110DA092DDC}.Debug|iPhone.Build.0 = Debug|Any CPU
		{29FA2373-0568-4CD4-9CDD-2110DA092DDC}.Debug|iPhone.Deploy.0 = Debug|Any CPU
		{29FA2373-0568-4CD4-9CDD-2110DA092DDC}.Debug|iPhoneSimulator.ActiveCfg = Debug|Any CPU
		{29FA2373-0568-4CD4-9CDD-2110DA092DDC}.Debug|iPhoneSimulator.Build.0 = Debug|Any CPU
		{29FA2373-0568-4CD4-9CDD-2110DA092DDC}.Debug|iPhoneSimulator.Deploy.0 = Debug|Any CPU
		{29FA2373-0568-4CD4-9CDD-2110DA092DDC}.Release|Any CPU.ActiveCfg = Release|Any CPU
		{29FA2373-0568-4CD4-9CDD-2110DA092DDC}.Release|Any CPU.Build.0 = Release|Any CPU
		{29FA2373-0568-4CD4-9CDD-2110DA092DDC}.Release|Any CPU.Deploy.0 = Release|Any CPU
		{29FA2373-0568-4CD4-9CDD-2110DA092DDC}.Release|iPhone.ActiveCfg = Release|Any CPU
		{29FA2373-0568-4CD4-9CDD-2110DA092DDC}.Release|iPhone.Build.0 = Release|Any CPU
		{29FA2373-0568-4CD4-9CDD-2110DA092DDC}.Release|iPhone.Deploy.0 = Release|Any CPU
		{29FA2373-0568-4CD4-9CDD-2110DA092DDC}.Release|iPhoneSimulator.ActiveCfg = Release|Any CPU
		{29FA2373-0568-4CD4-9CDD-2110DA092DDC}.Release|iPhoneSimulator.Build.0 = Release|Any CPU
		{29FA2373-0568-4CD4-9CDD-2110DA092DDC}.Release|iPhoneSimulator.Deploy.0 = Release|Any CPU
		{9F96206F-0DB0-4BE9-B607-C151A27A7934}.Debug|Any CPU.ActiveCfg = Debug|Any CPU
		{9F96206F-0DB0-4BE9-B607-C151A27A7934}.Debug|Any CPU.Build.0 = Debug|Any CPU
		{9F96206F-0DB0-4BE9-B607-C151A27A7934}.Debug|iPhone.ActiveCfg = Debug|Any CPU
		{9F96206F-0DB0-4BE9-B607-C151A27A7934}.Debug|iPhone.Build.0 = Debug|Any CPU
		{9F96206F-0DB0-4BE9-B607-C151A27A7934}.Debug|iPhoneSimulator.ActiveCfg = Debug|Any CPU
		{9F96206F-0DB0-4BE9-B607-C151A27A7934}.Debug|iPhoneSimulator.Build.0 = Debug|Any CPU
		{9F96206F-0DB0-4BE9-B607-C151A27A7934}.Release|Any CPU.ActiveCfg = Release|Any CPU
		{9F96206F-0DB0-4BE9-B607-C151A27A7934}.Release|Any CPU.Build.0 = Release|Any CPU
		{9F96206F-0DB0-4BE9-B607-C151A27A7934}.Release|iPhone.ActiveCfg = Release|Any CPU
		{9F96206F-0DB0-4BE9-B607-C151A27A7934}.Release|iPhone.Build.0 = Release|Any CPU
		{9F96206F-0DB0-4BE9-B607-C151A27A7934}.Release|iPhoneSimulator.ActiveCfg = Release|Any CPU
		{9F96206F-0DB0-4BE9-B607-C151A27A7934}.Release|iPhoneSimulator.Build.0 = Release|Any CPU
		{36424BA6-8AE3-45C7-A093-E3D0D6631D2C}.Debug|Any CPU.ActiveCfg = Debug|Any CPU
		{36424BA6-8AE3-45C7-A093-E3D0D6631D2C}.Debug|Any CPU.Build.0 = Debug|Any CPU
		{36424BA6-8AE3-45C7-A093-E3D0D6631D2C}.Debug|iPhone.ActiveCfg = Debug|Any CPU
		{36424BA6-8AE3-45C7-A093-E3D0D6631D2C}.Debug|iPhone.Build.0 = Debug|Any CPU
		{36424BA6-8AE3-45C7-A093-E3D0D6631D2C}.Debug|iPhoneSimulator.ActiveCfg = Debug|Any CPU
		{36424BA6-8AE3-45C7-A093-E3D0D6631D2C}.Debug|iPhoneSimulator.Build.0 = Debug|Any CPU
		{36424BA6-8AE3-45C7-A093-E3D0D6631D2C}.Release|Any CPU.ActiveCfg = Release|Any CPU
		{36424BA6-8AE3-45C7-A093-E3D0D6631D2C}.Release|Any CPU.Build.0 = Release|Any CPU
		{36424BA6-8AE3-45C7-A093-E3D0D6631D2C}.Release|iPhone.ActiveCfg = Release|Any CPU
		{36424BA6-8AE3-45C7-A093-E3D0D6631D2C}.Release|iPhone.Build.0 = Release|Any CPU
		{36424BA6-8AE3-45C7-A093-E3D0D6631D2C}.Release|iPhoneSimulator.ActiveCfg = Release|Any CPU
		{36424BA6-8AE3-45C7-A093-E3D0D6631D2C}.Release|iPhoneSimulator.Build.0 = Release|Any CPU
	EndGlobalSection
	GlobalSection(SolutionProperties) = preSolution
		HideSolutionNode = FALSE
	EndGlobalSection
	GlobalSection(NestedProjects) = preSolution
		{4741233F-1E72-42E6-87D3-8A526025A616} = {CD55319A-49B3-4A24-83DE-9A0F25417FF5}
		{3BEEEB1A-2A2A-4D7A-9BFC-64148CEBE0AE} = {CD55319A-49B3-4A24-83DE-9A0F25417FF5}
		{29FA2373-0568-4CD4-9CDD-2110DA092DDC} = {CD55319A-49B3-4A24-83DE-9A0F25417FF5}
	EndGlobalSection
	GlobalSection(ExtensibilityGlobals) = postSolution
		SolutionGuid = {250EB4E4-0A71-487F-A614-AEFDD6FA55F2}
	EndGlobalSection
EndGlobal
